// !$*UTF8*$!
{
	archiveVersion = 1;
	classes = {
	};
	objectVersion = 50;
	objects = {

/* Begin PBXBuildFile section */
		F198AFC3262B3CEF0091EF96 /* AppDelegate.swift in Sources */ = {isa = PBXBuildFile; fileRef = F198AFC2262B3CEF0091EF96 /* AppDelegate.swift */; };
		F198AFC5262B3CEF0091EF96 /* SceneDelegate.swift in Sources */ = {isa = PBXBuildFile; fileRef = F198AFC4262B3CEF0091EF96 /* SceneDelegate.swift */; };
		F198AFC7262B3CEF0091EF96 /* ViewController.swift in Sources */ = {isa = PBXBuildFile; fileRef = F198AFC6262B3CEF0091EF96 /* ViewController.swift */; };
		F198AFCA262B3CEF0091EF96 /* Main.storyboard in Resources */ = {isa = PBXBuildFile; fileRef = F198AFC8262B3CEF0091EF96 /* Main.storyboard */; };
		F198AFCC262B3CF90091EF96 /* Assets.xcassets in Resources */ = {isa = PBXBuildFile; fileRef = F198AFCB262B3CF90091EF96 /* Assets.xcassets */; };
		F198AFCF262B3CF90091EF96 /* LaunchScreen.storyboard in Resources */ = {isa = PBXBuildFile; fileRef = F198AFCD262B3CF90091EF96 /* LaunchScreen.storyboard */; };
/* End PBXBuildFile section */

/* Begin PBXFileReference section */
		F198AFBF262B3CEF0091EF96 /* SceneExample.app */ = {isa = PBXFileReference; explicitFileType = wrapper.application; includeInIndex = 0; path = SceneExample.app; sourceTree = BUILT_PRODUCTS_DIR; };
		F198AFC2262B3CEF0091EF96 /* AppDelegate.swift */ = {isa = PBXFileReference; lastKnownFileType = sourcecode.swift; path = AppDelegate.swift; sourceTree = "<group>"; };
		F198AFC4262B3CEF0091EF96 /* SceneDelegate.swift */ = {isa = PBXFileReference; lastKnownFileType = sourcecode.swift; path = SceneDelegate.swift; sourceTree = "<group>"; };
		F198AFC6262B3CEF0091EF96 /* ViewController.swift */ = {isa = PBXFileReference; lastKnownFileType = sourcecode.swift; path = ViewController.swift; sourceTree = "<group>"; };
		F198AFC9262B3CEF0091EF96 /* Base */ = {isa = PBXFileReference; lastKnownFileType = file.storyboard; name = Base; path = Base.lproj/Main.storyboard; sourceTree = "<group>"; };
		F198AFCB262B3CF90091EF96 /* Assets.xcassets */ = {isa = PBXFileReference; lastKnownFileType = folder.assetcatalog; path = Assets.xcassets; sourceTree = "<group>"; };
		F198AFCE262B3CF90091EF96 /* Base */ = {isa = PBXFileReference; lastKnownFileType = file.storyboard; name = Base; path = Base.lproj/LaunchScreen.storyboard; sourceTree = "<group>"; };
		F198AFD0262B3CF90091EF96 /* Info.plist */ = {isa = PBXFileReference; lastKnownFileType = text.plist.xml; path = Info.plist; sourceTree = "<group>"; };
/* End PBXFileReference section */

/* Begin PBXFrameworksBuildPhase section */
		F198AFBC262B3CEF0091EF96 /* Frameworks */ = {
			isa = PBXFrameworksBuildPhase;
			buildActionMask = 2147483647;
			files = (
			);
			runOnlyForDeploymentPostprocessing = 0;
		};
/* End PBXFrameworksBuildPhase section */

/* Begin PBXGroup section */
		F198AFB6262B3CEF0091EF96 = {
			isa = PBXGroup;
			children = (
				F198AFC1262B3CEF0091EF96 /* SceneExample */,
				F198AFC0262B3CEF0091EF96 /* Products */,
			);
			sourceTree = "<group>";
		};
		F198AFC0262B3CEF0091EF96 /* Products */ = {
			isa = PBXGroup;
			children = (
				F198AFBF262B3CEF0091EF96 /* SceneExample.app */,
			);
			name = Products;
			sourceTree = "<group>";
		};
		F198AFC1262B3CEF0091EF96 /* SceneExample */ = {
			isa = PBXGroup;
			children = (
				F198AFC2262B3CEF0091EF96 /* AppDelegate.swift */,
				F198AFC4262B3CEF0091EF96 /* SceneDelegate.swift */,
				F198AFC6262B3CEF0091EF96 /* ViewController.swift */,
				F198AFC8262B3CEF0091EF96 /* Main.storyboard */,
				F198AFCB262B3CF90091EF96 /* Assets.xcassets */,
				F198AFCD262B3CF90091EF96 /* LaunchScreen.storyboard */,
				F198AFD0262B3CF90091EF96 /* Info.plist */,
			);
			path = SceneExample;
			sourceTree = "<group>";
		};
/* End PBXGroup section */

/* Begin PBXNativeTarget section */
		F198AFBE262B3CEF0091EF96 /* SceneExample */ = {
			isa = PBXNativeTarget;
			buildConfigurationList = F198AFD3262B3CF90091EF96 /* Build configuration list for PBXNativeTarget "SceneExample" */;
			buildPhases = (
				F198AFBB262B3CEF0091EF96 /* Sources */,
				F198AFBC262B3CEF0091EF96 /* Frameworks */,
				F198AFBD262B3CEF0091EF96 /* Resources */,
			);
			buildRules = (
			);
			dependencies = (
			);
			name = SceneExample;
			productName = SceneExample;
			productReference = F198AFBF262B3CEF0091EF96 /* SceneExample.app */;
			productType = "com.apple.product-type.application";
		};
/* End PBXNativeTarget section */

/* Begin PBXProject section */
		F198AFB7262B3CEF0091EF96 /* Project object */ = {
			isa = PBXProject;
			attributes = {
				LastSwiftUpdateCheck = 1240;
				LastUpgradeCheck = 1240;
				TargetAttributes = {
					F198AFBE262B3CEF0091EF96 = {
						CreatedOnToolsVersion = 12.4;
					};
				};
			};
			buildConfigurationList = F198AFBA262B3CEF0091EF96 /* Build configuration list for PBXProject "SceneExample" */;
			compatibilityVersion = "Xcode 9.3";
			developmentRegion = en;
			hasScannedForEncodings = 0;
			knownRegions = (
				en,
				Base,
			);
			mainGroup = F198AFB6262B3CEF0091EF96;
			productRefGroup = F198AFC0262B3CEF0091EF96 /* Products */;
			projectDirPath = "";
			projectRoot = "";
			targets = (
				F198AFBE262B3CEF0091EF96 /* SceneExample */,
			);
		};
/* End PBXProject section */

/* Begin PBXResourcesBuildPhase section */
		F198AFBD262B3CEF0091EF96 /* Resources */ = {
			isa = PBXResourcesBuildPhase;
			buildActionMask = 2147483647;
			files = (
				F198AFCF262B3CF90091EF96 /* LaunchScreen.storyboard in Resources */,
				F198AFCC262B3CF90091EF96 /* Assets.xcassets in Resources */,
				F198AFCA262B3CEF0091EF96 /* Main.storyboard in Resources */,
			);
			runOnlyForDeploymentPostprocessing = 0;
		};
/* End PBXResourcesBuildPhase section */

/* Begin PBXSourcesBuildPhase section */
		F198AFBB262B3CEF0091EF96 /* Sources */ = {
			isa = PBXSourcesBuildPhase;
			buildActionMask = 2147483647;
			files = (
				F198AFC7262B3CEF0091EF96 /* ViewController.swift in Sources */,
				F198AFC3262B3CEF0091EF96 /* AppDelegate.swift in Sources */,
				F198AFC5262B3CEF0091EF96 /* SceneDelegate.swift in Sources */,
			);
			runOnlyForDeploymentPostprocessing = 0;
		};
/* End PBXSourcesBuildPhase section */

/* Begin PBXVariantGroup section */
		F198AFC8262B3CEF0091EF96 /* Main.storyboard */ = {
			isa = PBXVariantGroup;
			children = (
				F198AFC9262B3CEF0091EF96 /* Base */,
			);
			name = Main.storyboard;
			sourceTree = "<group>";
		};
		F198AFCD262B3CF90091EF96 /* LaunchScreen.storyboard */ = {
			isa = PBXVariantGroup;
			children = (
				F198AFCE262B3CF90091EF96 /* Base */,
			);
			name = LaunchScreen.storyboard;
			sourceTree = "<group>";
		};
/* End PBXVariantGroup section */

/* Begin XCBuildConfiguration section */
		F198AFD1262B3CF90091EF96 /* Debug */ = {
			isa = XCBuildConfiguration;
			buildSettings = {
				ALWAYS_SEARCH_USER_PATHS = NO;
				CLANG_ANALYZER_NONNULL = YES;
				CLANG_ANALYZER_NUMBER_OBJECT_CONVERSION = YES_AGGRESSIVE;
				CLANG_CXX_LANGUAGE_STANDARD = "gnu++14";
				CLANG_CXX_LIBRARY = "libc++";
				CLANG_ENABLE_MODULES = YES;
				CLANG_ENABLE_OBJC_ARC = YES;
				CLANG_ENABLE_OBJC_WEAK = YES;
				CLANG_WARN_BLOCK_CAPTURE_AUTORELEASING = YES;
				CLANG_WARN_BOOL_CONVERSION = YES;
				CLANG_WARN_COMMA = YES;
				CLANG_WARN_CONSTANT_CONVERSION = YES;
				CLANG_WARN_DEPRECATED_OBJC_IMPLEMENTATIONS = YES;
				CLANG_WARN_DIRECT_OBJC_ISA_USAGE = YES_ERROR;
				CLANG_WARN_DOCUMENTATION_COMMENTS = YES;
				CLANG_WARN_EMPTY_BODY = YES;
				CLANG_WARN_ENUM_CONVERSION = YES;
				CLANG_WARN_INFINITE_RECURSION = YES;
				CLANG_WARN_INT_CONVERSION = YES;
				CLANG_WARN_NON_LITERAL_NULL_CONVERSION = YES;
				CLANG_WARN_OBJC_IMPLICIT_RETAIN_SELF = YES;
				CLANG_WARN_OBJC_LITERAL_CONVERSION = YES;
				CLANG_WARN_OBJC_ROOT_CLASS = YES_ERROR;
				CLANG_WARN_QUOTED_INCLUDE_IN_FRAMEWORK_HEADER = YES;
				CLANG_WARN_RANGE_LOOP_ANALYSIS = YES;
				CLANG_WARN_STRICT_PROTOTYPES = YES;
				CLANG_WARN_SUSPICIOUS_MOVE = YES;
				CLANG_WARN_UNGUARDED_AVAILABILITY = YES_AGGRESSIVE;
				CLANG_WARN_UNREACHABLE_CODE = YES;
				CLANG_WARN__DUPLICATE_METHOD_MATCH = YES;
				COPY_PHASE_STRIP = NO;
				DEBUG_INFORMATION_FORMAT = dwarf;
				ENABLE_STRICT_OBJC_MSGSEND = YES;
				ENABLE_TESTABILITY = YES;
				GCC_C_LANGUAGE_STANDARD = gnu11;
				GCC_DYNAMIC_NO_PIC = NO;
				GCC_NO_COMMON_BLOCKS = YES;
				GCC_OPTIMIZATION_LEVEL = 0;
				GCC_PREPROCESSOR_DEFINITIONS = (
					"DEBUG=1",
					"$(inherited)",
				);
				GCC_WARN_64_TO_32_BIT_CONVERSION = YES;
				GCC_WARN_ABOUT_RETURN_TYPE = YES_ERROR;
				GCC_WARN_UNDECLARED_SELECTOR = YES;
				GCC_WARN_UNINITIALIZED_AUTOS = YES_AGGRESSIVE;
				GCC_WARN_UNUSED_FUNCTION = YES;
				GCC_WARN_UNUSED_VARIABLE = YES;
				IPHONEOS_DEPLOYMENT_TARGET = 14.4;
				MTL_ENABLE_DEBUG_INFO = INCLUDE_SOURCE;
				MTL_FAST_MATH = YES;
				ONLY_ACTIVE_ARCH = YES;
				SDKROOT = iphoneos;
				SWIFT_ACTIVE_COMPILATION_CONDITIONS = DEBUG;
				SWIFT_OPTIMIZATION_LEVEL = "-Onone";
			};
			name = Debug;
		};
		F198AFD2262B3CF90091EF96 /* Release */ = {
			isa = XCBuildConfiguration;
			buildSettings = {
				ALWAYS_SEARCH_USER_PATHS = NO;
				CLANG_ANALYZER_NONNULL = YES;
				CLANG_ANALYZER_NUMBER_OBJECT_CONVERSION = YES_AGGRESSIVE;
				CLANG_CXX_LANGUAGE_STANDARD = "gnu++14";
				CLANG_CXX_LIBRARY = "libc++";
				CLANG_ENABLE_MODULES = YES;
				CLANG_ENABLE_OBJC_ARC = YES;
				CLANG_ENABLE_OBJC_WEAK = YES;
				CLANG_WARN_BLOCK_CAPTURE_AUTORELEASING = YES;
				CLANG_WARN_BOOL_CONVERSION = YES;
				CLANG_WARN_COMMA = YES;
				CLANG_WARN_CONSTANT_CONVERSION = YES;
				CLANG_WARN_DEPRECATED_OBJC_IMPLEMENTATIONS = YES;
				CLANG_WARN_DIRECT_OBJC_ISA_USAGE = YES_ERROR;
				CLANG_WARN_DOCUMENTATION_COMMENTS = YES;
				CLANG_WARN_EMPTY_BODY = YES;
				CLANG_WARN_ENUM_CONVERSION = YES;
				CLANG_WARN_INFINITE_RECURSION = YES;
				CLANG_WARN_INT_CONVERSION = YES;
				CLANG_WARN_NON_LITERAL_NULL_CONVERSION = YES;
				CLANG_WARN_OBJC_IMPLICIT_RETAIN_SELF = YES;
				CLANG_WARN_OBJC_LITERAL_CONVERSION = YES;
				CLANG_WARN_OBJC_ROOT_CLASS = YES_ERROR;
				CLANG_WARN_QUOTED_INCLUDE_IN_FRAMEWORK_HEADER = YES;
				CLANG_WARN_RANGE_LOOP_ANALYSIS = YES;
				CLANG_WARN_STRICT_PROTOTYPES = YES;
				CLANG_WARN_SUSPICIOUS_MOVE = YES;
				CLANG_WARN_UNGUARDED_AVAILABILITY = YES_AGGRESSIVE;
				CLANG_WARN_UNREACHABLE_CODE = YES;
				CLANG_WARN__DUPLICATE_METHOD_MATCH = YES;
				COPY_PHASE_STRIP = NO;
				DEBUG_INFORMATION_FORMAT = "dwarf-with-dsym";
				ENABLE_NS_ASSERTIONS = NO;
				ENABLE_STRICT_OBJC_MSGSEND = YES;
				GCC_C_LANGUAGE_STANDARD = gnu11;
				GCC_NO_COMMON_BLOCKS = YES;
				GCC_WARN_64_TO_32_BIT_CONVERSION = YES;
				GCC_WARN_ABOUT_RETURN_TYPE = YES_ERROR;
				GCC_WARN_UNDECLARED_SELECTOR = YES;
				GCC_WARN_UNINITIALIZED_AUTOS = YES_AGGRESSIVE;
				GCC_WARN_UNUSED_FUNCTION = YES;
				GCC_WARN_UNUSED_VARIABLE = YES;
				IPHONEOS_DEPLOYMENT_TARGET = 14.4;
				MTL_ENABLE_DEBUG_INFO = NO;
				MTL_FAST_MATH = YES;
				SDKROOT = iphoneos;
				SWIFT_COMPILATION_MODE = wholemodule;
				SWIFT_OPTIMIZATION_LEVEL = "-O";
				VALIDATE_PRODUCT = YES;
			};
			name = Release;
		};
		F198AFD4262B3CF90091EF96 /* Debug */ = {
			isa = XCBuildConfiguration;
			buildSettings = {
				ASSETCATALOG_COMPILER_APPICON_NAME = AppIcon;
				ASSETCATALOG_COMPILER_GLOBAL_ACCENT_COLOR_NAME = AccentColor;
				CODE_SIGN_STYLE = Automatic;
				DEVELOPMENT_TEAM = S2BEC8V882;
				INFOPLIST_FILE = SceneExample/Info.plist;
				LD_RUNPATH_SEARCH_PATHS = (
					"$(inherited)",
					"@executable_path/Frameworks",
				);
				PRODUCT_BUNDLE_IDENTIFIER = ddg.SceneExample;
				PRODUCT_NAME = "$(TARGET_NAME)";
				SWIFT_VERSION = 5.0;
				TARGETED_DEVICE_FAMILY = "1,2";
			};
			name = Debug;
		};
		F198AFD5262B3CF90091EF96 /* Release */ = {
			isa = XCBuildConfiguration;
			buildSettings = {
				ASSETCATALOG_COMPILER_APPICON_NAME = AppIcon;
				ASSETCATALOG_COMPILER_GLOBAL_ACCENT_COLOR_NAME = AccentColor;
				CODE_SIGN_STYLE = Automatic;
				DEVELOPMENT_TEAM = S2BEC8V882;
				INFOPLIST_FILE = SceneExample/Info.plist;
				LD_RUNPATH_SEARCH_PATHS = (
					"$(inherited)",
					"@executable_path/Frameworks",
				);
				PRODUCT_BUNDLE_IDENTIFIER = ddg.SceneExample;
				PRODUCT_NAME = "$(TARGET_NAME)";
				SWIFT_VERSION = 5.0;
				TARGETED_DEVICE_FAMILY = "1,2";
			};
			name = Release;
		};
/* End XCBuildConfiguration section */

/* Begin XCConfigurationList section */
		F198AFBA262B3CEF0091EF96 /* Build configuration list for PBXProject "SceneExample" */ = {
			isa = XCConfigurationList;
			buildConfigurations = (
				F198AFD1262B3CF90091EF96 /* Debug */,
				F198AFD2262B3CF90091EF96 /* Release */,
			);
			defaultConfigurationIsVisible = 0;
			defaultConfigurationName = Release;
		};
		F198AFD3262B3CF90091EF96 /* Build configuration list for PBXNativeTarget "SceneExample" */ = {
			isa = XCConfigurationList;
			buildConfigurations = (
				F198AFD4262B3CF90091EF96 /* Debug */,
				F198AFD5262B3CF90091EF96 /* Release */,
			);
			defaultConfigurationIsVisible = 0;
			defaultConfigurationName = Release;
		};
/* End XCConfigurationList section */
	};
	rootObject = F198AFB7262B3CEF0091EF96 /* Project object */;
}
